
Microsoft Visual Studio Solution File, Format Version 12.00
# Visual Studio Version 17
VisualStudioVersion = 17.11.35222.181
MinimumVisualStudioVersion = 10.0.40219.1
Project("{FAE04EC0-301F-11D3-BF4B-00C04F79EFBC}") = "Demo_GioHangSD19316", "Demo_GioHangSD19316\Demo_GioHangSD19316.csproj", "{F03C1361-3880-4E00-B684-6EC9613F4170}"
EndProject
Global
	GlobalSection(SolutionConfigurationPlatforms) = preSolution
		Debug|Any CPU = Debug|Any CPU
		Release|Any CPU = Release|Any CPU
	EndGlobalSection
	GlobalSection(ProjectConfigurationPlatforms) = postSolution
		{F03C1361-3880-4E00-B684-6EC9613F4170}.Debug|Any CPU.ActiveCfg = Debug|Any CPU
		{F03C1361-3880-4E00-B684-6EC9613F4170}.Debug|Any CPU.Build.0 = Debug|Any CPU
		{F03C1361-3880-4E00-B684-6EC9613F4170}.Release|Any CPU.ActiveCfg = Release|Any CPU
		{F03C1361-3880-4E00-B684-6EC9613F4170}.Release|Any CPU.Build.0 = Release|Any CPU
	EndGlobalSection
	GlobalSection(SolutionProperties) = preSolution
		HideSolutionNode = FALSE
	EndGlobalSection
	GlobalSection(ExtensibilityGlobals) = postSolution
		SolutionGuid = {DBBAFC11-8629-40C9-95C6-E03A03C3E73F}
	EndGlobalSection
EndGlobal
